
Microsoft Visual Studio Solution File, Format Version 12.00
# Visual Studio Version 17
VisualStudioVersion = 17.2.32526.322
MinimumVisualStudioVersion = 10.0.40219.1
Project("{8BC9CEB8-8B4A-11D0-8D11-00A0C91BC942}") = "bst-construction", "bst-construction\bst-construction.vcxproj", "{0DE50EB4-E07F-4040-9EA9-947AC51EF0BC}"
EndProject
Global
	GlobalSection(SolutionConfigurationPlatforms) = preSolution
		Debug|x64 = Debug|x64
		Debug|x86 = Debug|x86
		Release|x64 = Release|x64
		Release|x86 = Release|x86
	EndGlobalSection
	GlobalSection(ProjectConfigurationPlatforms) = postSolution
		{0DE50EB4-E07F-4040-9EA9-947AC51EF0BC}.Debug|x64.ActiveCfg = Debug|x64
		{0DE50EB4-E07F-4040-9EA9-947AC51EF0BC}.Debug|x64.Build.0 = Debug|x64
		{0DE50EB4-E07F-4040-9EA9-947AC51EF0BC}.Debug|x86.ActiveCfg = Debug|Win32
		{0DE50EB4-E07F-4040-9EA9-947AC51EF0BC}.Debug|x86.Build.0 = Debug|Win32
		{0DE50EB4-E07F-4040-9EA9-947AC51EF0BC}.Release|x64.ActiveCfg = Release|x64
		{0DE50EB4-E07F-4040-9EA9-947AC51EF0BC}.Release|x64.Build.0 = Release|x64
		{0DE50EB4-E07F-4040-9EA9-947AC51EF0BC}.Release|x86.ActiveCfg = Release|Win32
		{0DE50EB4-E07F-4040-9EA9-947AC51EF0BC}.Release|x86.Build.0 = Release|Win32
	EndGlobalSection
	GlobalSection(SolutionProperties) = preSolution
		HideSolutionNode = FALSE
	EndGlobalSection
	GlobalSection(ExtensibilityGlobals) = postSolution
		SolutionGuid = {89C1B737-09DE-4AD3-8EDC-88C57B023603}
	EndGlobalSection
EndGlobal
